<?xml version="1.0" encoding="utf-8"?>
<Project ToolsVersion="4.0" xmlns="http://schemas.microsoft.com/developer/msbuild/2003">
  <ItemGroup>
    <Filter Include="源文件">
      <UniqueIdentifier>{4FC737F1-C7A5-4376-A066-2A32D752A2FF}</UniqueIdentifier>
      <Extensions>cpp;c;cc;cxx;c++;cppm;ixx;def;odl;idl;hpj;bat;asm;asmx</Extensions>
    </Filter>
    <Filter Include="头文件">
      <UniqueIdentifier>{93995380-89BD-4b04-88EB-625FBE52EBFB}</UniqueIdentifier>
      <Extensions>h;hh;hpp;hxx;h++;hm;inl;inc;ipp;xsd</Extensions>
    </Filter>
    <Filter Include="资源文件">
      <UniqueIdentifier>{67DA6AB6-F800-4c08-8B7A-83BB121AAD01}</UniqueIdentifier>
      <Extensions>rc;ico;cur;bmp;dlg;rc2;rct;bin;rgs;gif;jpg;jpeg;jpe;resx;tiff;tif;png;wav;mfcribbon-ms</Extensions>
    </Filter>
    <Filter Include="arris">
      <UniqueIdentifier>{027a6864-4bcd-45cb-beea-a07108c65660}</UniqueIdentifier>
    </Filter>
    <Filter Include="arris\net">
      <UniqueIdentifier>{42a439a4-d87c-484b-b052-0a220e054cdb}</UniqueIdentifier>
    </Filter>
    <Filter Include="arris\util">
      <UniqueIdentifier>{d4a07940-69c3-4f7f-af3f-5086d70010b3}</UniqueIdentifier>
    </Filter>
    <Filter Include="readme">
      <UniqueIdentifier>{368a9a75-3a6c-4f07-af75-13bb984352a3}</UniqueIdentifier>
    </Filter>
    <Filter Include="arris\wechat">
      <UniqueIdentifier>{837bdc7c-004a-4bda-acbd-c9f1ff68787c}</UniqueIdentifier>
    </Filter>
    <Filter Include="arris\thread">
      <UniqueIdentifier>{a9c9e2a4-75f0-4826-a0a0-45c299633c46}</UniqueIdentifier>
    </Filter>
  </ItemGroup>
  <ItemGroup>
    <ClCompile Include="bot.cpp">
      <Filter>源文件</Filter>
    </ClCompile>
    <ClCompile Include="pch.cpp">
      <Filter>源文件</Filter>
    </ClCompile>
    <ClCompile Include="botwin.cpp">
      <Filter>源文件</Filter>
    </ClCompile>
  </ItemGroup>
  <ItemGroup>
    <None Include="bot.def">
      <Filter>源文件</Filter>
    </None>
    <None Include="res\bot.rc2">
      <Filter>资源文件</Filter>
    </None>
    <None Include="..\readme.md">
      <Filter>readme</Filter>
    </None>
  </ItemGroup>
  <ItemGroup>
    <ClInclude Include="framework.h">
      <Filter>头文件</Filter>
    </ClInclude>
    <ClInclude Include="targetver.h">
      <Filter>头文件</Filter>
    </ClInclude>
    <ClInclude Include="Resource.h">
      <Filter>头文件</Filter>
    </ClInclude>
    <ClInclude Include="bot.h">
      <Filter>头文件</Filter>
    </ClInclude>
    <ClInclude Include="pch.h">
      <Filter>头文件</Filter>
    </ClInclude>
    <ClInclude Include="botwin.h">
      <Filter>头文件</Filter>
    </ClInclude>
    <ClInclude Include="..\lib\arris\net\net.hpp">
      <Filter>arris\net</Filter>
    </ClInclude>
    <ClInclude Include="..\lib\arris\net\websocket.hpp">
      <Filter>arris\net</Filter>
    </ClInclude>
    <ClInclude Include="..\lib\arris\util\json_util.hpp">
      <Filter>arris\util</Filter>
    </ClInclude>
    <ClInclude Include="..\lib\arris\util\log_util.hpp">
      <Filter>arris\util</Filter>
    </ClInclude>
    <ClInclude Include="..\lib\arris\util\str_util.hpp">
      <Filter>arris\util</Filter>
    </ClInclude>
    <ClInclude Include="..\lib\arris\net\constant.hpp">
      <Filter>arris\net</Filter>
    </ClInclude>
    <ClInclude Include="..\lib\arris\thread\wxthread.hpp">
      <Filter>arris\thread</Filter>
    </ClInclude>
    <ClInclude Include="..\lib\arris\wechat\constant.hpp">
      <Filter>arris\wechat</Filter>
    </ClInclude>
    <ClInclude Include="..\lib\arris\wechat\wxbase.hpp">
      <Filter>arris\wechat</Filter>
    </ClInclude>
    <ClInclude Include="..\lib\arris\wechat\wxmgr.hpp">
      <Filter>arris\wechat</Filter>
    </ClInclude>
    <ClInclude Include="..\lib\arris\wechat\contact.hpp">
      <Filter>arris\wechat</Filter>
    </ClInclude>
    <ClInclude Include="..\lib\arris\wechat\msgtoqueue.hpp">
      <Filter>arris\wechat</Filter>
    </ClInclude>
    <ClInclude Include="..\lib\arris\wechat\abnormalmsg.hpp">
      <Filter>arris\wechat</Filter>
    </ClInclude>
    <ClInclude Include="..\lib\arris\wechat\destroy.hpp">
      <Filter>arris\wechat</Filter>
    </ClInclude>
    <ClInclude Include="..\lib\arris\util\utf8.hpp">
      <Filter>arris\util</Filter>
    </ClInclude>
  </ItemGroup>
  <ItemGroup>
    <ResourceCompile Include="bot.rc">
      <Filter>资源文件</Filter>
    </ResourceCompile>
  </ItemGroup>
</Project>